
Microsoft Visual Studio Solution File, Format Version 12.00
# Visual Studio Version 17
VisualStudioVersion = 17.2.32519.379
MinimumVisualStudioVersion = 10.0.40219.1
Project("{9A19103F-16F7-4668-BE54-9A1E7A4F7556}") = "NLayer.Core", "NLayer.Core\NLayer.Core.csproj", "{D3FF092C-FE93-4932-B338-9AD234254B2F}"
EndProject
Project("{9A19103F-16F7-4668-BE54-9A1E7A4F7556}") = "NLayer.Repository", "NLayer.Repository\NLayer.Repository.csproj", "{2E910BF5-3B14-4090-83B3-EC9DE3091920}"
EndProject
Project("{9A19103F-16F7-4668-BE54-9A1E7A4F7556}") = "NLayer.Service", "NLayer.Service\NLayer.Service.csproj", "{867BBA2E-AFB0-4450-AF12-A6A0717F6EF2}"
EndProject
Project("{9A19103F-16F7-4668-BE54-9A1E7A4F7556}") = "NLayer.Web", "NLayer.Web\NLayer.Web.csproj", "{15F28748-D057-42BE-A4F6-145468B615A8}"
EndProject
Project("{9A19103F-16F7-4668-BE54-9A1E7A4F7556}") = "NLayer.Caching", "NLayer.Caching\NLayer.Caching.csproj", "{E283DC61-4004-4FB5-ABED-40D17A53AD81}"
EndProject
Project("{FAE04EC0-301F-11D3-BF4B-00C04F79EFBC}") = "NLayer.API", "NLayer.API\NLayer.API.csproj", "{899BDEEB-70D8-4DDA-9A0F-7427677E3A52}"
EndProject
Project("{2150E333-8FDC-42A3-9474-1A3956D46DE8}") = "Solution Items", "Solution Items", "{7BA117C4-E0F8-421A-B6EF-48FE35AF5CCB}"
	ProjectSection(SolutionItems) = preProject
		Ports.txt = Ports.txt
	EndProjectSection
EndProject
Global
	GlobalSection(SolutionConfigurationPlatforms) = preSolution
		Debug|Any CPU = Debug|Any CPU
		Release|Any CPU = Release|Any CPU
	EndGlobalSection
	GlobalSection(ProjectConfigurationPlatforms) = postSolution
		{D3FF092C-FE93-4932-B338-9AD234254B2F}.Debug|Any CPU.ActiveCfg = Debug|Any CPU
		{D3FF092C-FE93-4932-B338-9AD234254B2F}.Debug|Any CPU.Build.0 = Debug|Any CPU
		{D3FF092C-FE93-4932-B338-9AD234254B2F}.Release|Any CPU.ActiveCfg = Release|Any CPU
		{D3FF092C-FE93-4932-B338-9AD234254B2F}.Release|Any CPU.Build.0 = Release|Any CPU
		{2E910BF5-3B14-4090-83B3-EC9DE3091920}.Debug|Any CPU.ActiveCfg = Debug|Any CPU
		{2E910BF5-3B14-4090-83B3-EC9DE3091920}.Debug|Any CPU.Build.0 = Debug|Any CPU
		{2E910BF5-3B14-4090-83B3-EC9DE3091920}.Release|Any CPU.ActiveCfg = Release|Any CPU
		{2E910BF5-3B14-4090-83B3-EC9DE3091920}.Release|Any CPU.Build.0 = Release|Any CPU
		{867BBA2E-AFB0-4450-AF12-A6A0717F6EF2}.Debug|Any CPU.ActiveCfg = Debug|Any CPU
		{867BBA2E-AFB0-4450-AF12-A6A0717F6EF2}.Debug|Any CPU.Build.0 = Debug|Any CPU
		{867BBA2E-AFB0-4450-AF12-A6A0717F6EF2}.Release|Any CPU.ActiveCfg = Release|Any CPU
		{867BBA2E-AFB0-4450-AF12-A6A0717F6EF2}.Release|Any CPU.Build.0 = Release|Any CPU
		{15F28748-D057-42BE-A4F6-145468B615A8}.Debug|Any CPU.ActiveCfg = Debug|Any CPU
		{15F28748-D057-42BE-A4F6-145468B615A8}.Debug|Any CPU.Build.0 = Debug|Any CPU
		{15F28748-D057-42BE-A4F6-145468B615A8}.Release|Any CPU.ActiveCfg = Release|Any CPU
		{15F28748-D057-42BE-A4F6-145468B615A8}.Release|Any CPU.Build.0 = Release|Any CPU
		{E283DC61-4004-4FB5-ABED-40D17A53AD81}.Debug|Any CPU.ActiveCfg = Debug|Any CPU
		{E283DC61-4004-4FB5-ABED-40D17A53AD81}.Debug|Any CPU.Build.0 = Debug|Any CPU
		{E283DC61-4004-4FB5-ABED-40D17A53AD81}.Release|Any CPU.ActiveCfg = Release|Any CPU
		{E283DC61-4004-4FB5-ABED-40D17A53AD81}.Release|Any CPU.Build.0 = Release|Any CPU
		{899BDEEB-70D8-4DDA-9A0F-7427677E3A52}.Debug|Any CPU.ActiveCfg = Debug|Any CPU
		{899BDEEB-70D8-4DDA-9A0F-7427677E3A52}.Debug|Any CPU.Build.0 = Debug|Any CPU
		{899BDEEB-70D8-4DDA-9A0F-7427677E3A52}.Release|Any CPU.ActiveCfg = Release|Any CPU
		{899BDEEB-70D8-4DDA-9A0F-7427677E3A52}.Release|Any CPU.Build.0 = Release|Any CPU
	EndGlobalSection
	GlobalSection(SolutionProperties) = preSolution
		HideSolutionNode = FALSE
	EndGlobalSection
	GlobalSection(ExtensibilityGlobals) = postSolution
		SolutionGuid = {11CD0CB7-B79D-4BE7-9B7E-1B74D2A7E3EA}
	EndGlobalSection
EndGlobal
